
Microsoft Visual Studio Solution File, Format Version 12.00
# Visual Studio Version 16
VisualStudioVersion = 16.0.31019.35
MinimumVisualStudioVersion = 10.0.40219.1
Project("{FAE04EC0-301F-11D3-BF4B-00C04F79EFBC}") = "mamagui.front", "mamagui.front\mamagui.front.csproj", "{E398E9D0-D1B0-4ECE-829D-9A44FAAD8F75}"
EndProject
Global
	GlobalSection(SolutionConfigurationPlatforms) = preSolution
		Debug|Any CPU = Debug|Any CPU
		Release|Any CPU = Release|Any CPU
	EndGlobalSection
	GlobalSection(ProjectConfigurationPlatforms) = postSolution
		{E398E9D0-D1B0-4ECE-829D-9A44FAAD8F75}.Debug|Any CPU.ActiveCfg = Debug|Any CPU
		{E398E9D0-D1B0-4ECE-829D-9A44FAAD8F75}.Debug|Any CPU.Build.0 = Debug|Any CPU
		{E398E9D0-D1B0-4ECE-829D-9A44FAAD8F75}.Release|Any CPU.ActiveCfg = Release|Any CPU
		{E398E9D0-D1B0-4ECE-829D-9A44FAAD8F75}.Release|Any CPU.Build.0 = Release|Any CPU
	EndGlobalSection
	GlobalSection(SolutionProperties) = preSolution
		HideSolutionNode = FALSE
	EndGlobalSection
	GlobalSection(ExtensibilityGlobals) = postSolution
		SolutionGuid = {153ABE00-95EC-4305-A962-2CB84A6C3F9C}
	EndGlobalSection
EndGlobal
